
Microsoft Visual Studio Solution File, Format Version 12.00
# Visual Studio Version 17
VisualStudioVersion = 17.2.32616.157
MinimumVisualStudioVersion = 10.0.40219.1
Project("{FAE04EC0-301F-11D3-BF4B-00C04F79EFBC}") = "MvcMovie", "MvcMovie.csproj", "{94A9A34D-413D-4E2D-A43B-9CF7D108A754}"
EndProject
Global
	GlobalSection(SolutionConfigurationPlatforms) = preSolution
		Debug|Any CPU = Debug|Any CPU
		Release|Any CPU = Release|Any CPU
	EndGlobalSection
	GlobalSection(ProjectConfigurationPlatforms) = postSolution
		{94A9A34D-413D-4E2D-A43B-9CF7D108A754}.Debug|Any CPU.ActiveCfg = Debug|Any CPU
		{94A9A34D-413D-4E2D-A43B-9CF7D108A754}.Debug|Any CPU.Build.0 = Debug|Any CPU
		{94A9A34D-413D-4E2D-A43B-9CF7D108A754}.Release|Any CPU.ActiveCfg = Release|Any CPU
		{94A9A34D-413D-4E2D-A43B-9CF7D108A754}.Release|Any CPU.Build.0 = Release|Any CPU
	EndGlobalSection
	GlobalSection(SolutionProperties) = preSolution
		HideSolutionNode = FALSE
	EndGlobalSection
	GlobalSection(ExtensibilityGlobals) = postSolution
		SolutionGuid = {B7D8B310-F8E3-44C9-AF64-6A85EBA9132C}
	EndGlobalSection
EndGlobal
